{
  "nodes": {
    "nixpkgs": {
      "locked": {
        "lastModified": 1766070988,
        "narHash": "sha256-G/WVghka6c4bAzMhTwT2vjLccg/awmHkdKSd2JrycLc=",
        "owner": "nixos",
        "repo": "nixpkgs",
        "rev": "c6245e83d836d0433170a16eb185cefe0572f8b8",
        "type": "github"
      },
      "original": {
        "owner": "nixos",
        "ref": "nixos-unstable",
        "repo": "nixpkgs",
        "type": "github"
      }
    },
    "root": {
      "inputs": {
        "nixpkgs": "nixpkgs",
        "tkcore": "tkcore"
      }
    },
    "tkcore": {
      "flake": false,
      "locked": {
        "lastModified": 1765960231,
        "narHash": "sha256-gMA264hx7AOyjGUzkSlX2O7zFq5H6LAeGh68vMyUl2k=",
        "owner": "shotgunsoftware",
        "repo": "tk-core",
        "rev": "62d128a8a3e06fe37cc9de5c6a699415c6b51c70",
        "type": "github"
      },
      "original": {
        "owner": "shotgunsoftware",
        "repo": "tk-core",
        "type": "github"
      }
    }
  },
  "root": "root",
  "version": 7
}
